Microsoft Visual Studio Solution File, Format Version 11.00
# Visual Studio 2008

Project("{01722BC8-2992-520B-BB05-DA7EB3EDA00B}") = "Ripprium_repo", "Assembly-CSharp-firstpass-vs.csproj", "{0B77C71A-C3BA-E48A-AAFC-C7646DE98930}"
EndProject
Project("{01722BC8-2992-520B-BB05-DA7EB3EDA00B}") = "Ripprium_repo", "Assembly-CSharp-vs.csproj", "{6FC739B5-6119-D172-EF6D-C9C037BC8DA1}"
EndProject
Project("{01722BC8-2992-520B-BB05-DA7EB3EDA00B}") = "Ripprium_repo", "Assembly-CSharp-Editor-vs.csproj", "{644EDBFA-4C87-63DF-151A-6AA0451D9DF0}"
EndProject
Global
	GlobalSection(SolutionConfigurationPlatforms) = preSolution
		Debug|Any CPU = Debug|Any CPU
		Release|Any CPU = Release|Any CPU
	EndGlobalSection
	GlobalSection(ProjectConfigurationPlatforms) = postSolution
		{0B77C71A-C3BA-E48A-AAFC-C7646DE98930}.Debug|Any CPU.ActiveCfg = Debug|Any CPU
		{0B77C71A-C3BA-E48A-AAFC-C7646DE98930}.Debug|Any CPU.Build.0 = Debug|Any CPU
		{0B77C71A-C3BA-E48A-AAFC-C7646DE98930}.Release|Any CPU.ActiveCfg = Release|Any CPU
		{0B77C71A-C3BA-E48A-AAFC-C7646DE98930}.Release|Any CPU.Build.0 = Release|Any CPU
		{6FC739B5-6119-D172-EF6D-C9C037BC8DA1}.Debug|Any CPU.ActiveCfg = Debug|Any CPU
		{6FC739B5-6119-D172-EF6D-C9C037BC8DA1}.Debug|Any CPU.Build.0 = Debug|Any CPU
		{6FC739B5-6119-D172-EF6D-C9C037BC8DA1}.Release|Any CPU.ActiveCfg = Release|Any CPU
		{6FC739B5-6119-D172-EF6D-C9C037BC8DA1}.Release|Any CPU.Build.0 = Release|Any CPU
		{644EDBFA-4C87-63DF-151A-6AA0451D9DF0}.Debug|Any CPU.ActiveCfg = Debug|Any CPU
		{644EDBFA-4C87-63DF-151A-6AA0451D9DF0}.Debug|Any CPU.Build.0 = Debug|Any CPU
		{644EDBFA-4C87-63DF-151A-6AA0451D9DF0}.Release|Any CPU.ActiveCfg = Release|Any CPU
		{644EDBFA-4C87-63DF-151A-6AA0451D9DF0}.Release|Any CPU.Build.0 = Release|Any CPU
	EndGlobalSection
	GlobalSection(SolutionProperties) = preSolution
		HideSolutionNode = FALSE
	EndGlobalSection
																																																																																																																																								GlobalSection(MonoDevelopProperties) = preSolution
=======
																																										GlobalSection(MonoDevelopProperties) = preSolution
>>>>>>> origin/dev
		StartupItem = Assembly-CSharp.csproj
		Policies = $0
		$0.TextStylePolicy = $1
		$1.inheritsSet = null
		$1.scope = text/x-csharp
		$0.CSharpFormattingPolicy = $2
		$2.inheritsSet = Mono
		$2.inheritsScope = text/x-csharp
		$2.scope = text/x-csharp
		$0.TextStylePolicy = $3
		$3.FileWidth = 120
		$3.TabWidth = 4
		$3.IndentWidth = 4
		$3.EolMarker = Unix
		$3.inheritsSet = Mono
		$3.inheritsScope = text/plain
		$3.scope = text/plain
	EndGlobalSection

EndGlobal
